{
  "requires": true,
  "lockfileVersion": 1,
  "dependencies": {
    "angular8-yandex-maps": {
      "version": "8.0.0",
      "resolved": "https://registry.npmjs.org/angular8-yandex-maps/-/angular8-yandex-maps-8.0.0.tgz",
      "integrity": "sha512-h2NbjqtIUps3lc64/YMHElquWj5l8Y4R6l8tXTBHYfomiedwH9cvga+oDVh2rxwZYtNABS8GnZipxICBy/B84Q==",
      "requires": {
        "tslib": "^1.9.0"
      }
    },
    "tslib": {
      "version": "1.14.1",
      "resolved": "https://registry.npmjs.org/tslib/-/tslib-1.14.1.tgz",
      "integrity": "sha512-Xni35NKzjgMrwevysHTCArtLDpPvye8zV/0E4EyYn43P7/7qvQwPh9BGkHewbMulVntbigmcT7rdX3BNo9wRJg=="
    }
  }
}
